
Microsoft Visual Studio Solution File, Format Version 12.00
# Visual Studio Version 17
VisualStudioVersion = 17.4.33205.214
MinimumVisualStudioVersion = 10.0.40219.1
Project("{9A19103F-16F7-4668-BE54-9A1E7A4F7556}") = "ContextCommon", "ContextCommon\ContextCommon.csproj", "{19931CFC-79EA-4886-B4BB-A9B4CB5807C0}"
EndProject
Project("{9A19103F-16F7-4668-BE54-9A1E7A4F7556}") = "ContextBack", "ContextBack\ContextBack.csproj", "{02C293BA-0CFA-450E-A8FC-0D314C83E849}"
EndProject
Project("{9A19103F-16F7-4668-BE54-9A1E7A4F7556}") = "ContextService", "ContextService\ContextService.csproj", "{0DC39B80-BAE0-433C-A083-D53B8BF64C75}"
EndProject
Project("{FAE04EC0-301F-11D3-BF4B-00C04F79EFBC}") = "API_EXP", "API_EXP\API_EXP.csproj", "{CE0EF736-CE9F-4995-88D1-DB6CEC9074E3}"
EndProject
Global
	GlobalSection(SolutionConfigurationPlatforms) = preSolution
		Debug|Any CPU = Debug|Any CPU
		Release|Any CPU = Release|Any CPU
	EndGlobalSection
	GlobalSection(ProjectConfigurationPlatforms) = postSolution
		{19931CFC-79EA-4886-B4BB-A9B4CB5807C0}.Debug|Any CPU.ActiveCfg = Debug|Any CPU
		{19931CFC-79EA-4886-B4BB-A9B4CB5807C0}.Debug|Any CPU.Build.0 = Debug|Any CPU
		{19931CFC-79EA-4886-B4BB-A9B4CB5807C0}.Release|Any CPU.ActiveCfg = Release|Any CPU
		{19931CFC-79EA-4886-B4BB-A9B4CB5807C0}.Release|Any CPU.Build.0 = Release|Any CPU
		{02C293BA-0CFA-450E-A8FC-0D314C83E849}.Debug|Any CPU.ActiveCfg = Debug|Any CPU
		{02C293BA-0CFA-450E-A8FC-0D314C83E849}.Debug|Any CPU.Build.0 = Debug|Any CPU
		{02C293BA-0CFA-450E-A8FC-0D314C83E849}.Release|Any CPU.ActiveCfg = Release|Any CPU
		{02C293BA-0CFA-450E-A8FC-0D314C83E849}.Release|Any CPU.Build.0 = Release|Any CPU
		{0DC39B80-BAE0-433C-A083-D53B8BF64C75}.Debug|Any CPU.ActiveCfg = Debug|Any CPU
		{0DC39B80-BAE0-433C-A083-D53B8BF64C75}.Debug|Any CPU.Build.0 = Debug|Any CPU
		{0DC39B80-BAE0-433C-A083-D53B8BF64C75}.Release|Any CPU.ActiveCfg = Release|Any CPU
		{0DC39B80-BAE0-433C-A083-D53B8BF64C75}.Release|Any CPU.Build.0 = Release|Any CPU
		{CE0EF736-CE9F-4995-88D1-DB6CEC9074E3}.Debug|Any CPU.ActiveCfg = Debug|Any CPU
		{CE0EF736-CE9F-4995-88D1-DB6CEC9074E3}.Debug|Any CPU.Build.0 = Debug|Any CPU
		{CE0EF736-CE9F-4995-88D1-DB6CEC9074E3}.Release|Any CPU.ActiveCfg = Release|Any CPU
		{CE0EF736-CE9F-4995-88D1-DB6CEC9074E3}.Release|Any CPU.Build.0 = Release|Any CPU
	EndGlobalSection
	GlobalSection(SolutionProperties) = preSolution
		HideSolutionNode = FALSE
	EndGlobalSection
	GlobalSection(ExtensibilityGlobals) = postSolution
		SolutionGuid = {536E2112-6ECB-4EF1-BA24-B2D8919E9FD0}
	EndGlobalSection
EndGlobal
